Microsoft Visual Studio Solution File, Format Version 11.00
# Visual Studio 2008

Project("{10AEAB3E-538A-5E04-6B9D-FD8162824C7A}") = "xj_Asuan_", "Assembly-CSharp.csproj", "{9AC51FE3-BD59-C518-56F1-E6978EB1237A}"
EndProject
Global
	GlobalSection(SolutionConfigurationPlatforms) = preSolution
		Debug|Any CPU = Debug|Any CPU
		Release|Any CPU = Release|Any CPU
	EndGlobalSection
	GlobalSection(ProjectConfigurationPlatforms) = postSolution
		{9AC51FE3-BD59-C518-56F1-E6978EB1237A}.Debug|Any CPU.ActiveCfg = Debug|Any CPU
		{9AC51FE3-BD59-C518-56F1-E6978EB1237A}.Debug|Any CPU.Build.0 = Debug|Any CPU
		{9AC51FE3-BD59-C518-56F1-E6978EB1237A}.Release|Any CPU.ActiveCfg = Release|Any CPU
		{9AC51FE3-BD59-C518-56F1-E6978EB1237A}.Release|Any CPU.Build.0 = Release|Any CPU
	EndGlobalSection
	GlobalSection(SolutionProperties) = preSolution
		HideSolutionNode = FALSE
	EndGlobalSection
			GlobalSection(MonoDevelopProperties) = preSolution
		StartupItem = Assembly-CSharp.csproj
		Policies = $0
		$0.TextStylePolicy = $1
		$1.inheritsSet = null
		$1.scope = text/x-csharp
		$0.CSharpFormattingPolicy = $2
		$2.inheritsSet = Mono
		$2.inheritsScope = text/x-csharp
		$2.scope = text/x-csharp
		$0.TextStylePolicy = $3
		$3.FileWidth = 120
		$3.TabWidth = 4
		$3.IndentWidth = 4
		$3.EolMarker = Unix
		$3.inheritsSet = Mono
		$3.inheritsScope = text/plain
		$3.scope = text/plain
	EndGlobalSection

EndGlobal
